lockfileVersion: '9.0'

settings:
  autoInstallPeers: true
  excludeLinksFromLockfile: false

importers:

  .:
    dependencies:
      '@pythnetwork/pyth-sdk-solidity':
        specifier: ^3.1.0
        version: 3.1.0

packages:

  '@pythnetwork/pyth-sdk-solidity@3.1.0':
    resolution: {integrity: sha512-NgtEPUTL9r0qqMpIOEtSdUVjrF08fHK6wa7eM8hdjhjzMOti4o053B9oFqpm4lkzJW6eELXuP4sRJOABGmNTUg==}

snapshots:

  '@pythnetwork/pyth-sdk-solidity@3.1.0': {}
